
Microsoft Visual Studio Solution File, Format Version 10.00
# Visual Studio 2008
Project("{FAE04EC0-301F-11D3-BF4B-00C04F79EFBC}") = "DotBabel", "DotBabel\DotBabel.csproj", "{20AB3884-694B-476C-ADD4-99A86765BB20}"
EndProject
Project("{FAE04EC0-301F-11D3-BF4B-00C04F79EFBC}") = "OBDotNet", "OBDotNet\OBDotNet.csproj", "{D0B81813-23C8-4BCB-BFAA-D3CE6AEEFC33}"
EndProject
Global
	GlobalSection(SolutionConfigurationPlatforms) = preSolution
		Debug|Any CPU = Debug|Any CPU
		Release|Any CPU = Release|Any CPU
	EndGlobalSection
	GlobalSection(ProjectConfigurationPlatforms) = postSolution
		{20AB3884-694B-476C-ADD4-99A86765BB20}.Debug|Any CPU.ActiveCfg = Debug|Any CPU
		{20AB3884-694B-476C-ADD4-99A86765BB20}.Debug|Any CPU.Build.0 = Debug|Any CPU
		{20AB3884-694B-476C-ADD4-99A86765BB20}.Release|Any CPU.ActiveCfg = Release|Any CPU
		{20AB3884-694B-476C-ADD4-99A86765BB20}.Release|Any CPU.Build.0 = Release|Any CPU
		{D0B81813-23C8-4BCB-BFAA-D3CE6AEEFC33}.Debug|Any CPU.ActiveCfg = Debug|Any CPU
		{D0B81813-23C8-4BCB-BFAA-D3CE6AEEFC33}.Debug|Any CPU.Build.0 = Debug|Any CPU
		{D0B81813-23C8-4BCB-BFAA-D3CE6AEEFC33}.Release|Any CPU.ActiveCfg = Release|Any CPU
		{D0B81813-23C8-4BCB-BFAA-D3CE6AEEFC33}.Release|Any CPU.Build.0 = Release|Any CPU
	EndGlobalSection
	GlobalSection(SolutionProperties) = preSolution
		HideSolutionNode = FALSE
	EndGlobalSection
EndGlobal
