
Microsoft Visual Studio Solution File, Format Version 9.00
# Visual C++ Express 2005
Project("{8BC9CEB8-8B4A-11D0-8D11-00A0C91BC942}") = "OpenBabelGUI", "OpenBabelGUI\OpenBabelGUI.vcproj", "{538F759F-2373-4FBB-B91D-980D617E38B0}"
EndProject
Project("{8BC9CEB8-8B4A-11D0-8D11-00A0C91BC942}") = "OpenBabelDLL", "OpenBabelDLL\OpenBabelDLL.vcproj", "{8D131E22-3017-412C-BCEC-460465C48A3B}"
EndProject
Project("{8BC9CEB8-8B4A-11D0-8D11-00A0C91BC942}") = "OBComLn", "OBComLn\OBComLn.vcproj", "{62F32899-DD62-4E5C-A1FB-74959D1CCFE4}"
	ProjectSection(ProjectDependencies) = postProject
		{8D131E22-3017-412C-BCEC-460465C48A3B} = {8D131E22-3017-412C-BCEC-460465C48A3B}
	EndProjectSection
EndProject
Project("{8BC9CEB8-8B4A-11D0-8D11-00A0C91BC942}") = "OBGUII", "OBGUII\OBGUII.vcproj", "{3262F90B-39BB-4B32-B3EE-A618FE917BFF}"
	ProjectSection(ProjectDependencies) = postProject
		{8D131E22-3017-412C-BCEC-460465C48A3B} = {8D131E22-3017-412C-BCEC-460465C48A3B}
	EndProjectSection
EndProject
Project("{8BC9CEB8-8B4A-11D0-8D11-00A0C91BC942}") = "OBCommonFormats", "OBCommonFormats\OBCommonFormats.vcproj", "{C3CC4EC4-B4B7-48AD-99E4-E6742B16730C}"
EndProject
Project("{8BC9CEB8-8B4A-11D0-8D11-00A0C91BC942}") = "OBGUI", "OBGUI\OBGUI.vcproj", "{9CD453FA-B8CD-4F8B-90B2-928A7496C0AC}"
EndProject
Project("{8BC9CEB8-8B4A-11D0-8D11-00A0C91BC942}") = "OBReactionFormats", "OBReactionFormats\OBReactionFormats.vcproj", "{7EE42FF5-B395-4D92-B897-F655D2D4FAA4}"
	ProjectSection(ProjectDependencies) = postProject
		{C3CC4EC4-B4B7-48AD-99E4-E6742B16730C} = {C3CC4EC4-B4B7-48AD-99E4-E6742B16730C}
	EndProjectSection
EndProject
Project("{8BC9CEB8-8B4A-11D0-8D11-00A0C91BC942}") = "ProgramTest2", "ProgramTest2\ProgramTest2.vcproj", "{0559F826-85EA-41F6-8630-BF9599E84F76}"
EndProject
Project("{8BC9CEB8-8B4A-11D0-8D11-00A0C91BC942}") = "OBError", "OBError\OBError.vcproj", "{2DD212C4-8E87-4628-A72D-55BA471570C6}"
EndProject
Project("{8BC9CEB8-8B4A-11D0-8D11-00A0C91BC942}") = "OBFPRT", "OBFPRT\OBFPRT.vcproj", "{78F0CF7D-CABB-40FA-BD2A-4D2992232E5E}"
EndProject
Project("{8BC9CEB8-8B4A-11D0-8D11-00A0C91BC942}") = "OBFprtFormats", "OBFprtFormats\OBFprtFormats.vcproj", "{65E23A7A-6A34-4F1F-A58D-8A5B7FAB53EF}"
	ProjectSection(ProjectDependencies) = postProject
		{78F0CF7D-CABB-40FA-BD2A-4D2992232E5E} = {78F0CF7D-CABB-40FA-BD2A-4D2992232E5E}
		{2DD212C4-8E87-4628-A72D-55BA471570C6} = {2DD212C4-8E87-4628-A72D-55BA471570C6}
		{C3CC4EC4-B4B7-48AD-99E4-E6742B16730C} = {C3CC4EC4-B4B7-48AD-99E4-E6742B16730C}
	EndProjectSection
EndProject
Project("{8BC9CEB8-8B4A-11D0-8D11-00A0C91BC942}") = "Roundtrip", "Roundtrip\Roundtrip.vcproj", "{8344FBA8-B530-4B95-A0C2-B0A1216CBB7E}"
EndProject
Project("{8BC9CEB8-8B4A-11D0-8D11-00A0C91BC942}") = "OBabel", "OBabel\OBabel.vcproj", "{A6FCEFCA-DC10-4A8E-85DF-A35CF96B2BDE}"
EndProject
Global
	GlobalSection(SolutionConfigurationPlatforms) = preSolution
		Debug|Win32 = Debug|Win32
		Release|Win32 = Release|Win32
	EndGlobalSection
	GlobalSection(ProjectConfigurationPlatforms) = postSolution
		{538F759F-2373-4FBB-B91D-980D617E38B0}.Debug|Win32.ActiveCfg = Debug|Win32
		{538F759F-2373-4FBB-B91D-980D617E38B0}.Debug|Win32.Build.0 = Debug|Win32
		{538F759F-2373-4FBB-B91D-980D617E38B0}.Release|Win32.ActiveCfg = Release|Win32
		{538F759F-2373-4FBB-B91D-980D617E38B0}.Release|Win32.Build.0 = Release|Win32
		{8D131E22-3017-412C-BCEC-460465C48A3B}.Debug|Win32.ActiveCfg = Debug|Win32
		{8D131E22-3017-412C-BCEC-460465C48A3B}.Debug|Win32.Build.0 = Debug|Win32
		{8D131E22-3017-412C-BCEC-460465C48A3B}.Release|Win32.ActiveCfg = Release|Win32
		{8D131E22-3017-412C-BCEC-460465C48A3B}.Release|Win32.Build.0 = Release|Win32
		{62F32899-DD62-4E5C-A1FB-74959D1CCFE4}.Debug|Win32.ActiveCfg = Debug|Win32
		{62F32899-DD62-4E5C-A1FB-74959D1CCFE4}.Debug|Win32.Build.0 = Debug|Win32
		{62F32899-DD62-4E5C-A1FB-74959D1CCFE4}.Release|Win32.ActiveCfg = Release|Win32
		{62F32899-DD62-4E5C-A1FB-74959D1CCFE4}.Release|Win32.Build.0 = Release|Win32
		{3262F90B-39BB-4B32-B3EE-A618FE917BFF}.Debug|Win32.ActiveCfg = Debug|Win32
		{3262F90B-39BB-4B32-B3EE-A618FE917BFF}.Debug|Win32.Build.0 = Debug|Win32
		{3262F90B-39BB-4B32-B3EE-A618FE917BFF}.Release|Win32.ActiveCfg = Release|Win32
		{3262F90B-39BB-4B32-B3EE-A618FE917BFF}.Release|Win32.Build.0 = Release|Win32
		{C3CC4EC4-B4B7-48AD-99E4-E6742B16730C}.Debug|Win32.ActiveCfg = Debug|Win32
		{C3CC4EC4-B4B7-48AD-99E4-E6742B16730C}.Debug|Win32.Build.0 = Debug|Win32
		{C3CC4EC4-B4B7-48AD-99E4-E6742B16730C}.Release|Win32.ActiveCfg = Release|Win32
		{C3CC4EC4-B4B7-48AD-99E4-E6742B16730C}.Release|Win32.Build.0 = Release|Win32
		{9CD453FA-B8CD-4F8B-90B2-928A7496C0AC}.Debug|Win32.ActiveCfg = Debug|Win32
		{9CD453FA-B8CD-4F8B-90B2-928A7496C0AC}.Debug|Win32.Build.0 = Debug|Win32
		{9CD453FA-B8CD-4F8B-90B2-928A7496C0AC}.Release|Win32.ActiveCfg = Release|Win32
		{9CD453FA-B8CD-4F8B-90B2-928A7496C0AC}.Release|Win32.Build.0 = Release|Win32
		{7EE42FF5-B395-4D92-B897-F655D2D4FAA4}.Debug|Win32.ActiveCfg = Debug|Win32
		{7EE42FF5-B395-4D92-B897-F655D2D4FAA4}.Debug|Win32.Build.0 = Debug|Win32
		{7EE42FF5-B395-4D92-B897-F655D2D4FAA4}.Release|Win32.ActiveCfg = Release|Win32
		{7EE42FF5-B395-4D92-B897-F655D2D4FAA4}.Release|Win32.Build.0 = Release|Win32
		{0559F826-85EA-41F6-8630-BF9599E84F76}.Debug|Win32.ActiveCfg = Debug|Win32
		{0559F826-85EA-41F6-8630-BF9599E84F76}.Debug|Win32.Build.0 = Debug|Win32
		{0559F826-85EA-41F6-8630-BF9599E84F76}.Release|Win32.ActiveCfg = Release|Win32
		{0559F826-85EA-41F6-8630-BF9599E84F76}.Release|Win32.Build.0 = Release|Win32
		{2DD212C4-8E87-4628-A72D-55BA471570C6}.Debug|Win32.ActiveCfg = Debug|Win32
		{2DD212C4-8E87-4628-A72D-55BA471570C6}.Debug|Win32.Build.0 = Debug|Win32
		{2DD212C4-8E87-4628-A72D-55BA471570C6}.Release|Win32.ActiveCfg = Release|Win32
		{2DD212C4-8E87-4628-A72D-55BA471570C6}.Release|Win32.Build.0 = Release|Win32
		{78F0CF7D-CABB-40FA-BD2A-4D2992232E5E}.Debug|Win32.ActiveCfg = Debug|Win32
		{78F0CF7D-CABB-40FA-BD2A-4D2992232E5E}.Debug|Win32.Build.0 = Debug|Win32
		{78F0CF7D-CABB-40FA-BD2A-4D2992232E5E}.Release|Win32.ActiveCfg = Release|Win32
		{78F0CF7D-CABB-40FA-BD2A-4D2992232E5E}.Release|Win32.Build.0 = Release|Win32
		{65E23A7A-6A34-4F1F-A58D-8A5B7FAB53EF}.Debug|Win32.ActiveCfg = Debug|Win32
		{65E23A7A-6A34-4F1F-A58D-8A5B7FAB53EF}.Debug|Win32.Build.0 = Debug|Win32
		{65E23A7A-6A34-4F1F-A58D-8A5B7FAB53EF}.Release|Win32.ActiveCfg = Release|Win32
		{65E23A7A-6A34-4F1F-A58D-8A5B7FAB53EF}.Release|Win32.Build.0 = Release|Win32
		{8344FBA8-B530-4B95-A0C2-B0A1216CBB7E}.Debug|Win32.ActiveCfg = Debug|Win32
		{8344FBA8-B530-4B95-A0C2-B0A1216CBB7E}.Debug|Win32.Build.0 = Debug|Win32
		{8344FBA8-B530-4B95-A0C2-B0A1216CBB7E}.Release|Win32.ActiveCfg = Release|Win32
		{8344FBA8-B530-4B95-A0C2-B0A1216CBB7E}.Release|Win32.Build.0 = Release|Win32
		{A6FCEFCA-DC10-4A8E-85DF-A35CF96B2BDE}.Debug|Win32.ActiveCfg = Debug|Win32
		{A6FCEFCA-DC10-4A8E-85DF-A35CF96B2BDE}.Debug|Win32.Build.0 = Debug|Win32
		{A6FCEFCA-DC10-4A8E-85DF-A35CF96B2BDE}.Release|Win32.ActiveCfg = Release|Win32
		{A6FCEFCA-DC10-4A8E-85DF-A35CF96B2BDE}.Release|Win32.Build.0 = Release|Win32
	EndGlobalSection
	GlobalSection(SolutionProperties) = preSolution
		HideSolutionNode = FALSE
	EndGlobalSection
EndGlobal
