
Microsoft Visual Studio Solution File, Format Version 9.00
# Visual C++ Express 2005
Project("{8BC9CEB8-8B4A-11D0-8D11-00A0C91BC942}") = "OBXMLFormats", "OBXMLFormats\OBXMLFormats.vcproj", "{01EBDA03-5A2F-4CD6-BBA8-432790C90CAB}"
EndProject
Project("{8BC9CEB8-8B4A-11D0-8D11-00A0C91BC942}") = "FastSearch", "OBFS\OBFS.vcproj", "{73D4E0DE-CC4E-46D9-9C45-A7954AC09984}"
EndProject
Project("{8BC9CEB8-8B4A-11D0-8D11-00A0C91BC942}") = "gen3D", "gen3D\gen3D.vcproj", "{92F60357-B328-4A6D-B985-0923949F1579}"
EndProject
Project("{8BC9CEB8-8B4A-11D0-8D11-00A0C91BC942}") = "OBInchi", "OBInchi\OBInchi.vcproj", "{75E26EAC-EF71-497B-B834-DB1FC800F745}"
EndProject
Project("{8BC9CEB8-8B4A-11D0-8D11-00A0C91BC942}") = "OBUtilFormats", "OBUtilFormats\OBUtilFormats.vcproj", "{B76458D3-9486-4C7A-9F95-18DB50E46CE6}"
EndProject
Project("{8BC9CEB8-8B4A-11D0-8D11-00A0C91BC942}") = "Transforms", "Transforms\Transforms.vcproj", "{CA7BBBDE-53AB-4192-B325-778286B04FE6}"
EndProject
Project("{8BC9CEB8-8B4A-11D0-8D11-00A0C91BC942}") = "OBMCDL", "OBMCDL\MCDL.vcproj", "{BEEAEE96-DD87-41E9-8A65-E25E7B552771}"
EndProject
Global
	GlobalSection(SolutionConfigurationPlatforms) = preSolution
		Debug|Win32 = Debug|Win32
		Release|Win32 = Release|Win32
	EndGlobalSection
	GlobalSection(ProjectConfigurationPlatforms) = postSolution
		{01EBDA03-5A2F-4CD6-BBA8-432790C90CAB}.Debug|Win32.ActiveCfg = Debug|Win32
		{01EBDA03-5A2F-4CD6-BBA8-432790C90CAB}.Debug|Win32.Build.0 = Debug|Win32
		{01EBDA03-5A2F-4CD6-BBA8-432790C90CAB}.Release|Win32.ActiveCfg = Release|Win32
		{01EBDA03-5A2F-4CD6-BBA8-432790C90CAB}.Release|Win32.Build.0 = Release|Win32
		{73D4E0DE-CC4E-46D9-9C45-A7954AC09984}.Debug|Win32.ActiveCfg = Debug|Win32
		{73D4E0DE-CC4E-46D9-9C45-A7954AC09984}.Debug|Win32.Build.0 = Debug|Win32
		{73D4E0DE-CC4E-46D9-9C45-A7954AC09984}.Release|Win32.ActiveCfg = Release|Win32
		{73D4E0DE-CC4E-46D9-9C45-A7954AC09984}.Release|Win32.Build.0 = Release|Win32
		{92F60357-B328-4A6D-B985-0923949F1579}.Debug|Win32.ActiveCfg = Debug|Win32
		{92F60357-B328-4A6D-B985-0923949F1579}.Debug|Win32.Build.0 = Debug|Win32
		{92F60357-B328-4A6D-B985-0923949F1579}.Release|Win32.ActiveCfg = Release|Win32
		{92F60357-B328-4A6D-B985-0923949F1579}.Release|Win32.Build.0 = Release|Win32
		{75E26EAC-EF71-497B-B834-DB1FC800F745}.Debug|Win32.ActiveCfg = Debug|Win32
		{75E26EAC-EF71-497B-B834-DB1FC800F745}.Debug|Win32.Build.0 = Debug|Win32
		{75E26EAC-EF71-497B-B834-DB1FC800F745}.Release|Win32.ActiveCfg = Release|Win32
		{75E26EAC-EF71-497B-B834-DB1FC800F745}.Release|Win32.Build.0 = Release|Win32
		{B76458D3-9486-4C7A-9F95-18DB50E46CE6}.Debug|Win32.ActiveCfg = Debug|Win32
		{B76458D3-9486-4C7A-9F95-18DB50E46CE6}.Debug|Win32.Build.0 = Debug|Win32
		{B76458D3-9486-4C7A-9F95-18DB50E46CE6}.Release|Win32.ActiveCfg = Release|Win32
		{B76458D3-9486-4C7A-9F95-18DB50E46CE6}.Release|Win32.Build.0 = Release|Win32
		{CA7BBBDE-53AB-4192-B325-778286B04FE6}.Debug|Win32.ActiveCfg = Debug|Win32
		{CA7BBBDE-53AB-4192-B325-778286B04FE6}.Debug|Win32.Build.0 = Debug|Win32
		{CA7BBBDE-53AB-4192-B325-778286B04FE6}.Release|Win32.ActiveCfg = Release|Win32
		{CA7BBBDE-53AB-4192-B325-778286B04FE6}.Release|Win32.Build.0 = Release|Win32
		{BEEAEE96-DD87-41E9-8A65-E25E7B552771}.Debug|Win32.ActiveCfg = Debug|Win32
		{BEEAEE96-DD87-41E9-8A65-E25E7B552771}.Debug|Win32.Build.0 = Debug|Win32
		{BEEAEE96-DD87-41E9-8A65-E25E7B552771}.Release|Win32.ActiveCfg = Release|Win32
		{BEEAEE96-DD87-41E9-8A65-E25E7B552771}.Release|Win32.Build.0 = Release|Win32
	EndGlobalSection
	GlobalSection(SolutionProperties) = preSolution
		HideSolutionNode = FALSE
	EndGlobalSection
EndGlobal
