
Microsoft Visual Studio Solution File, Format Version 9.00
# Visual C++ Express 2005
Project("{8BC9CEB8-8B4A-11D0-8D11-00A0C91BC942}") = "OBabel", "OBabel\OBabel.vcproj", "{A6FCEFCA-DC10-4A8E-85DF-A35CF96B2BDE}"
EndProject
Project("{8BC9CEB8-8B4A-11D0-8D11-00A0C91BC942}") = "OBConv", "OBConv\OBConv.vcproj", "{B448CA7F-F8C4-4148-9165-39045A92EF63}"
EndProject
Project("{8BC9CEB8-8B4A-11D0-8D11-00A0C91BC942}") = "OBDLL", "OBDLL\OBDLL.vcproj", "{510039BF-48BF-42AF-8827-EFCEFC15CFD2}"
EndProject
Project("{8BC9CEB8-8B4A-11D0-8D11-00A0C91BC942}") = "OBConsole", "OBConsole\OBConsole.vcproj", "{34CDCBDF-2089-4B81-B149-B0C792E52831}"
	ProjectSection(ProjectDependencies) = postProject
		{FA155D32-D7B0-4501-826F-37279C7D55D7} = {FA155D32-D7B0-4501-826F-37279C7D55D7}
		{64A2AA4E-B706-49CF-A186-95820D16167E} = {64A2AA4E-B706-49CF-A186-95820D16167E}
		{B448CA7F-F8C4-4148-9165-39045A92EF63} = {B448CA7F-F8C4-4148-9165-39045A92EF63}
		{510039BF-48BF-42AF-8827-EFCEFC15CFD2} = {510039BF-48BF-42AF-8827-EFCEFC15CFD2}
		{566D4BF5-5570-4E1D-80E8-759723788143} = {566D4BF5-5570-4E1D-80E8-759723788143}
	EndProjectSection
EndProject
Project("{8BC9CEB8-8B4A-11D0-8D11-00A0C91BC942}") = "OBFormats2", "OBFormats2\OBFormats2.vcproj", "{64A2AA4E-B706-49CF-A186-95820D16167E}"
	ProjectSection(ProjectDependencies) = postProject
		{B448CA7F-F8C4-4148-9165-39045A92EF63} = {B448CA7F-F8C4-4148-9165-39045A92EF63}
		{510039BF-48BF-42AF-8827-EFCEFC15CFD2} = {510039BF-48BF-42AF-8827-EFCEFC15CFD2}
	EndProjectSection
EndProject
Project("{8BC9CEB8-8B4A-11D0-8D11-00A0C91BC942}") = "OBXMLFormats", "OBXMLFormats\OBXMLFormats.vcproj", "{566D4BF5-5570-4E1D-80E8-759723788143}"
	ProjectSection(ProjectDependencies) = postProject
		{B448CA7F-F8C4-4148-9165-39045A92EF63} = {B448CA7F-F8C4-4148-9165-39045A92EF63}
		{510039BF-48BF-42AF-8827-EFCEFC15CFD2} = {510039BF-48BF-42AF-8827-EFCEFC15CFD2}
	EndProjectSection
EndProject
Project("{8BC9CEB8-8B4A-11D0-8D11-00A0C91BC942}") = "OBExtraFormats", "OBExtraFormats\OBExtraFormats.vcproj", "{FA155D32-D7B0-4501-826F-37279C7D55D7}"
	ProjectSection(ProjectDependencies) = postProject
		{B448CA7F-F8C4-4148-9165-39045A92EF63} = {B448CA7F-F8C4-4148-9165-39045A92EF63}
		{510039BF-48BF-42AF-8827-EFCEFC15CFD2} = {510039BF-48BF-42AF-8827-EFCEFC15CFD2}
	EndProjectSection
EndProject
Global
	GlobalSection(SolutionConfigurationPlatforms) = preSolution
		Debug|Win32 = Debug|Win32
		Release|Win32 = Release|Win32
	EndGlobalSection
	GlobalSection(ProjectConfigurationPlatforms) = postSolution
		{A6FCEFCA-DC10-4A8E-85DF-A35CF96B2BDE}.Debug|Win32.ActiveCfg = Debug|Win32
		{A6FCEFCA-DC10-4A8E-85DF-A35CF96B2BDE}.Debug|Win32.Build.0 = Debug|Win32
		{A6FCEFCA-DC10-4A8E-85DF-A35CF96B2BDE}.Release|Win32.ActiveCfg = Release|Win32
		{A6FCEFCA-DC10-4A8E-85DF-A35CF96B2BDE}.Release|Win32.Build.0 = Release|Win32
		{B448CA7F-F8C4-4148-9165-39045A92EF63}.Debug|Win32.ActiveCfg = Debug|Win32
		{B448CA7F-F8C4-4148-9165-39045A92EF63}.Debug|Win32.Build.0 = Debug|Win32
		{B448CA7F-F8C4-4148-9165-39045A92EF63}.Release|Win32.ActiveCfg = Release|Win32
		{B448CA7F-F8C4-4148-9165-39045A92EF63}.Release|Win32.Build.0 = Release|Win32
		{510039BF-48BF-42AF-8827-EFCEFC15CFD2}.Debug|Win32.ActiveCfg = Debug|Win32
		{510039BF-48BF-42AF-8827-EFCEFC15CFD2}.Debug|Win32.Build.0 = Debug|Win32
		{510039BF-48BF-42AF-8827-EFCEFC15CFD2}.Release|Win32.ActiveCfg = Release|Win32
		{510039BF-48BF-42AF-8827-EFCEFC15CFD2}.Release|Win32.Build.0 = Release|Win32
		{34CDCBDF-2089-4B81-B149-B0C792E52831}.Debug|Win32.ActiveCfg = Debug|Win32
		{34CDCBDF-2089-4B81-B149-B0C792E52831}.Debug|Win32.Build.0 = Debug|Win32
		{34CDCBDF-2089-4B81-B149-B0C792E52831}.Release|Win32.ActiveCfg = Release|Win32
		{34CDCBDF-2089-4B81-B149-B0C792E52831}.Release|Win32.Build.0 = Release|Win32
		{64A2AA4E-B706-49CF-A186-95820D16167E}.Debug|Win32.ActiveCfg = Debug|Win32
		{64A2AA4E-B706-49CF-A186-95820D16167E}.Debug|Win32.Build.0 = Debug|Win32
		{64A2AA4E-B706-49CF-A186-95820D16167E}.Release|Win32.ActiveCfg = Release|Win32
		{64A2AA4E-B706-49CF-A186-95820D16167E}.Release|Win32.Build.0 = Release|Win32
		{566D4BF5-5570-4E1D-80E8-759723788143}.Debug|Win32.ActiveCfg = Debug|Win32
		{566D4BF5-5570-4E1D-80E8-759723788143}.Debug|Win32.Build.0 = Debug|Win32
		{566D4BF5-5570-4E1D-80E8-759723788143}.Release|Win32.ActiveCfg = Release|Win32
		{566D4BF5-5570-4E1D-80E8-759723788143}.Release|Win32.Build.0 = Release|Win32
		{FA155D32-D7B0-4501-826F-37279C7D55D7}.Debug|Win32.ActiveCfg = Debug|Win32
		{FA155D32-D7B0-4501-826F-37279C7D55D7}.Debug|Win32.Build.0 = Debug|Win32
		{FA155D32-D7B0-4501-826F-37279C7D55D7}.Release|Win32.ActiveCfg = Release|Win32
		{FA155D32-D7B0-4501-826F-37279C7D55D7}.Release|Win32.Build.0 = Release|Win32
	EndGlobalSection
	GlobalSection(SolutionProperties) = preSolution
		HideSolutionNode = FALSE
	EndGlobalSection
EndGlobal
